// !$*UTF8*$!
{
	archiveVersion = 1;
	classes = {
	};
	objectVersion = 50;
	objects = {

/* Begin PBXBuildFile section */
		1B045F91239555F700EE3333 /* ApolloError.swift in Sources */ = {isa = PBXBuildFile; fileRef = 1B045F90239555F700EE3333 /* ApolloError.swift */; };
		1B1BB91F23A913A300B6EA43 /* CreatePostMutationSuccessTests.swift in Sources */ = {isa = PBXBuildFile; fileRef = 1B1BB91E23A913A300B6EA43 /* CreatePostMutationSuccessTests.swift */; };
		1B1BB92123A914B600B6EA43 /* CreatePostMutationFailureTests.swift in Sources */ = {isa = PBXBuildFile; fileRef = 1B1BB92023A914B600B6EA43 /* CreatePostMutationFailureTests.swift */; };
		1B3097E723A28F7C004F1DA9 /* ConfigurationTests.swift in Sources */ = {isa = PBXBuildFile; fileRef = 1B3097E623A28F7C004F1DA9 /* ConfigurationTests.swift */; };
		1B3097E923A2911C004F1DA9 /* GraphQLTest.plist in Resources */ = {isa = PBXBuildFile; fileRef = 1B3097E823A2911C004F1DA9 /* GraphQLTest.plist */; };
		1B3097EB23A291EC004F1DA9 /* XCTestCase+FatalError.swift in Sources */ = {isa = PBXBuildFile; fileRef = 1B3097EA23A291EC004F1DA9 /* XCTestCase+FatalError.swift */; };
		1B3097ED23A2930A004F1DA9 /* GraphQLTestError.plist in Resources */ = {isa = PBXBuildFile; fileRef = 1B3097EC23A2930A004F1DA9 /* GraphQLTestError.plist */; };
		1B3097F223A2953D004F1DA9 /* XCTestCase+Global.swift in Sources */ = {isa = PBXBuildFile; fileRef = 1B3097F123A2953D004F1DA9 /* XCTestCase+Global.swift */; };
		1B3D072323A29DB00041D479 /* OHHTTPStubs.framework in Frameworks */ = {isa = PBXBuildFile; fileRef = 1B3D072223A29DB00041D479 /* OHHTTPStubs.framework */; };
		1B6446A9238EA01200422926 /* AppDelegate.swift in Sources */ = {isa = PBXBuildFile; fileRef = 1B6446A8238EA01200422926 /* AppDelegate.swift */; };
		1B6446AB238EA01200422926 /* SceneDelegate.swift in Sources */ = {isa = PBXBuildFile; fileRef = 1B6446AA238EA01200422926 /* SceneDelegate.swift */; };
		1B6446AD238EA01200422926 /* ContentView.swift in Sources */ = {isa = PBXBuildFile; fileRef = 1B6446AC238EA01200422926 /* ContentView.swift */; };
		1B6446AF238EA01200422926 /* Assets.xcassets in Resources */ = {isa = PBXBuildFile; fileRef = 1B6446AE238EA01200422926 /* Assets.xcassets */; };
		1B6446B2238EA01200422926 /* Preview Assets.xcassets in Resources */ = {isa = PBXBuildFile; fileRef = 1B6446B1238EA01200422926 /* Preview Assets.xcassets */; };
		1B6446B5238EA01200422926 /* LaunchScreen.storyboard in Resources */ = {isa = PBXBuildFile; fileRef = 1B6446B3238EA01200422926 /* LaunchScreen.storyboard */; };
		1B738C8423A3EF9F00124158 /* GetAllPostQuerySuccessTests.swift in Sources */ = {isa = PBXBuildFile; fileRef = 1B738C8323A3EF9F00124158 /* GetAllPostQuerySuccessTests.swift */; };
		1B738C8723A3F7B400124158 /* MockResponse.swift in Sources */ = {isa = PBXBuildFile; fileRef = 1B738C8623A3F7B400124158 /* MockResponse.swift */; };
		1B9C716223A4D0790028016F /* GraphQLAutoEquatable.generated.swift in Sources */ = {isa = PBXBuildFile; fileRef = 1B9C716123A4D0790028016F /* GraphQLAutoEquatable.generated.swift */; };
		1B9C716823A4D1E90028016F /* GetAllPostQueryFailureTests.swift in Sources */ = {isa = PBXBuildFile; fileRef = 1B9C716723A4D1E90028016F /* GetAllPostQueryFailureTests.swift */; };
		1B9CCB6023A2986C00A45A55 /* Apollo.framework in Frameworks */ = {isa = PBXBuildFile; fileRef = 1BC61C8323926D1E006A83D7 /* Apollo.framework */; };
		1BB1E16E23B1E91F00833BC8 /* CreatePostView.swift in Sources */ = {isa = PBXBuildFile; fileRef = 1BB1E16D23B1E91F00833BC8 /* CreatePostView.swift */; };
		1BB1E17023B1E92900833BC8 /* CreatePostViewModel.swift in Sources */ = {isa = PBXBuildFile; fileRef = 1BB1E16F23B1E92900833BC8 /* CreatePostViewModel.swift */; };
		1BC61C8423926D1E006A83D7 /* Apollo.framework in Frameworks */ = {isa = PBXBuildFile; fileRef = 1BC61C8323926D1E006A83D7 /* Apollo.framework */; };
		1BC61C8C2392A50B006A83D7 /* ApolloNetwork.swift in Sources */ = {isa = PBXBuildFile; fileRef = 1BC61C8B2392A50B006A83D7 /* ApolloNetwork.swift */; };
		1BC61C912392ACF6006A83D7 /* ApolloClient+Future.swift in Sources */ = {isa = PBXBuildFile; fileRef = 1BC61C902392ACF6006A83D7 /* ApolloClient+Future.swift */; };
		1BC61C952393D946006A83D7 /* Auth0.plist in Resources */ = {isa = PBXBuildFile; fileRef = 1BC61C942393D946006A83D7 /* Auth0.plist */; };
		1BF86B00239EA23600FE9D42 /* GraphQL.plist in Resources */ = {isa = PBXBuildFile; fileRef = 1BF86AFF239EA23600FE9D42 /* GraphQL.plist */; };
		1BF86B06239FDE2700FE9D42 /* HomeView.swift in Sources */ = {isa = PBXBuildFile; fileRef = 1BF86B05239FDE2700FE9D42 /* HomeView.swift */; };
		1BF86B08239FE88200FE9D42 /* PostRow.swift in Sources */ = {isa = PBXBuildFile; fileRef = 1BF86B07239FE88200FE9D42 /* PostRow.swift */; };
		1BF86B0A239FECA600FE9D42 /* HomeViewModel.swift in Sources */ = {isa = PBXBuildFile; fileRef = 1BF86B09239FECA600FE9D42 /* HomeViewModel.swift */; };
		1BF9082C239E95C600D1B9C4 /* Configuration.swift in Sources */ = {isa = PBXBuildFile; fileRef = 1BF9082B239E95C600D1B9C4 /* Configuration.swift */; };
		1BF9082F239E9E0200D1B9C4 /* RevealedError.swift in Sources */ = {isa = PBXBuildFile; fileRef = 1BF9082E239E9E0200D1B9C4 /* RevealedError.swift */; };
		4C4C83AE23A3D148007A7D1A /* AuthService.swift in Sources */ = {isa = PBXBuildFile; fileRef = 4C4C83AD23A3D148007A7D1A /* AuthService.swift */; };
		5ABB46C623A12B1D00216BD8 /* GraphQL.generated.swift in Sources */ = {isa = PBXBuildFile; fileRef = 5ABB46C523A12B1D00216BD8 /* GraphQL.generated.swift */; };
		F69D944D23954E5000EEEE2E /* SimpleKeychain.framework in Frameworks */ = {isa = PBXBuildFile; fileRef = F69D944B23954E5000EEEE2E /* SimpleKeychain.framework */; };
		F69D944E23954E5000EEEE2E /* Auth0.framework in Frameworks */ = {isa = PBXBuildFile; fileRef = F69D944C23954E5000EEEE2E /* Auth0.framework */; };
/* End PBXBuildFile section */

/* Begin PBXContainerItemProxy section */
		1B6446BC238EA01200422926 /* PBXContainerItemProxy */ = {
			isa = PBXContainerItemProxy;
			containerPortal = 1B64469D238EA01200422926 /* Project object */;
			proxyType = 1;
			remoteGlobalIDString = 1B6446A4238EA01200422926;
			remoteInfo = Revealed;
		};
/* End PBXContainerItemProxy section */

/* Begin PBXFileReference section */
		1B045F90239555F700EE3333 /* ApolloError.swift */ = {isa = PBXFileReference; lastKnownFileType = sourcecode.swift; path = ApolloError.swift; sourceTree = "<group>"; };
		1B1BB91A23A9038D00B6EA43 /* Fragments.graphql */ = {isa = PBXFileReference; fileEncoding = 4; lastKnownFileType = text; path = Fragments.graphql; sourceTree = "<group>"; };
		1B1BB91B23A9038D00B6EA43 /* CreatePost.graphql */ = {isa = PBXFileReference; fileEncoding = 4; lastKnownFileType = text; path = CreatePost.graphql; sourceTree = "<group>"; };
		1B1BB91E23A913A300B6EA43 /* CreatePostMutationSuccessTests.swift */ = {isa = PBXFileReference; lastKnownFileType = sourcecode.swift; path = CreatePostMutationSuccessTests.swift; sourceTree = "<group>"; };
		1B1BB92023A914B600B6EA43 /* CreatePostMutationFailureTests.swift */ = {isa = PBXFileReference; lastKnownFileType = sourcecode.swift; path = CreatePostMutationFailureTests.swift; sourceTree = "<group>"; };
		1B1F10F023B109FC0028DB3E /* GetAllConfigs.graphql */ = {isa = PBXFileReference; lastKnownFileType = text; path = GetAllConfigs.graphql; sourceTree = "<group>"; };
		1B3097E623A28F7C004F1DA9 /* ConfigurationTests.swift */ = {isa = PBXFileReference; lastKnownFileType = sourcecode.swift; path = ConfigurationTests.swift; sourceTree = "<group>"; };
		1B3097E823A2911C004F1DA9 /* GraphQLTest.plist */ = {isa = PBXFileReference; fileEncoding = 4; lastKnownFileType = text.plist.xml; path = GraphQLTest.plist; sourceTree = "<group>"; };
		1B3097EA23A291EC004F1DA9 /* XCTestCase+FatalError.swift */ = {isa = PBXFileReference; lastKnownFileType = sourcecode.swift; path = "XCTestCase+FatalError.swift"; sourceTree = "<group>"; };
		1B3097EC23A2930A004F1DA9 /* GraphQLTestError.plist */ = {isa = PBXFileReference; fileEncoding = 4; lastKnownFileType = text.plist.xml; path = GraphQLTestError.plist; sourceTree = "<group>"; };
		1B3097F123A2953D004F1DA9 /* XCTestCase+Global.swift */ = {isa = PBXFileReference; lastKnownFileType = sourcecode.swift; path = "XCTestCase+Global.swift"; sourceTree = "<group>"; };
		1B3D072223A29DB00041D479 /* OHHTTPStubs.framework */ = {isa = PBXFileReference; lastKnownFileType = wrapper.framework; name = OHHTTPStubs.framework; path = Carthage/Build/iOS/OHHTTPStubs.framework; sourceTree = "<group>"; };
		1B6446A5238EA01200422926 /* Revealed.app */ = {isa = PBXFileReference; explicitFileType = wrapper.application; includeInIndex = 0; path = Revealed.app; sourceTree = BUILT_PRODUCTS_DIR; };
		1B6446A8238EA01200422926 /* AppDelegate.swift */ = {isa = PBXFileReference; lastKnownFileType = sourcecode.swift; path = AppDelegate.swift; sourceTree = "<group>"; };
		1B6446AA238EA01200422926 /* SceneDelegate.swift */ = {isa = PBXFileReference; lastKnownFileType = sourcecode.swift; path = SceneDelegate.swift; sourceTree = "<group>"; };
		1B6446AC238EA01200422926 /* ContentView.swift */ = {isa = PBXFileReference; lastKnownFileType = sourcecode.swift; path = ContentView.swift; sourceTree = "<group>"; };
		1B6446AE238EA01200422926 /* Assets.xcassets */ = {isa = PBXFileReference; lastKnownFileType = folder.assetcatalog; path = Assets.xcassets; sourceTree = "<group>"; };
		1B6446B1238EA01200422926 /* Preview Assets.xcassets */ = {isa = PBXFileReference; lastKnownFileType = folder.assetcatalog; path = "Preview Assets.xcassets"; sourceTree = "<group>"; };
		1B6446B4238EA01200422926 /* Base */ = {isa = PBXFileReference; lastKnownFileType = file.storyboard; name = Base; path = Base.lproj/LaunchScreen.storyboard; sourceTree = "<group>"; };
		1B6446B6238EA01200422926 /* Info.plist */ = {isa = PBXFileReference; lastKnownFileType = text.plist.xml; path = Info.plist; sourceTree = "<group>"; };
		1B6446BB238EA01200422926 /* RevealedTests.xctest */ = {isa = PBXFileReference; explicitFileType = wrapper.cfbundle; includeInIndex = 0; path = RevealedTests.xctest; sourceTree = BUILT_PRODUCTS_DIR; };
		1B6446C1238EA01200422926 /* Info.plist */ = {isa = PBXFileReference; lastKnownFileType = text.plist.xml; path = Info.plist; sourceTree = "<group>"; };
		1B738C8323A3EF9F00124158 /* GetAllPostQuerySuccessTests.swift */ = {isa = PBXFileReference; lastKnownFileType = sourcecode.swift; path = GetAllPostQuerySuccessTests.swift; sourceTree = "<group>"; };
		1B738C8623A3F7B400124158 /* MockResponse.swift */ = {isa = PBXFileReference; lastKnownFileType = sourcecode.swift; path = MockResponse.swift; sourceTree = "<group>"; };
		1B8AB2E623926C0500907AF6 /* GetAllPosts.graphql */ = {isa = PBXFileReference; fileEncoding = 4; lastKnownFileType = text; path = GetAllPosts.graphql; sourceTree = "<group>"; };
		1B8AB2E723926C0500907AF6 /* schema.json */ = {isa = PBXFileReference; fileEncoding = 4; lastKnownFileType = text.json; path = schema.json; sourceTree = "<group>"; };
		1B9C716123A4D0790028016F /* GraphQLAutoEquatable.generated.swift */ = {isa = PBXFileReference; fileEncoding = 4; lastKnownFileType = sourcecode.swift; path = GraphQLAutoEquatable.generated.swift; sourceTree = "<group>"; };
		1B9C716623A4D1810028016F /* SourceryTemplate */ = {isa = PBXFileReference; lastKnownFileType = folder; path = SourceryTemplate; sourceTree = "<group>"; };
		1B9C716723A4D1E90028016F /* GetAllPostQueryFailureTests.swift */ = {isa = PBXFileReference; lastKnownFileType = sourcecode.swift; path = GetAllPostQueryFailureTests.swift; sourceTree = "<group>"; };
		1BB1E16D23B1E91F00833BC8 /* CreatePostView.swift */ = {isa = PBXFileReference; lastKnownFileType = sourcecode.swift; path = CreatePostView.swift; sourceTree = "<group>"; };
		1BB1E16F23B1E92900833BC8 /* CreatePostViewModel.swift */ = {isa = PBXFileReference; lastKnownFileType = sourcecode.swift; path = CreatePostViewModel.swift; sourceTree = "<group>"; };
		1BC61C8323926D1E006A83D7 /* Apollo.framework */ = {isa = PBXFileReference; lastKnownFileType = wrapper.framework; name = Apollo.framework; path = Carthage/Build/iOS/Apollo.framework; sourceTree = "<group>"; };
		1BC61C8B2392A50B006A83D7 /* ApolloNetwork.swift */ = {isa = PBXFileReference; lastKnownFileType = sourcecode.swift; path = ApolloNetwork.swift; sourceTree = "<group>"; };
		1BC61C902392ACF6006A83D7 /* ApolloClient+Future.swift */ = {isa = PBXFileReference; lastKnownFileType = sourcecode.swift; path = "ApolloClient+Future.swift"; sourceTree = "<group>"; };
		1BC61C942393D946006A83D7 /* Auth0.plist */ = {isa = PBXFileReference; fileEncoding = 4; lastKnownFileType = text.plist.xml; path = Auth0.plist; sourceTree = "<group>"; };
		1BF86AFF239EA23600FE9D42 /* GraphQL.plist */ = {isa = PBXFileReference; fileEncoding = 4; lastKnownFileType = text.plist.xml; path = GraphQL.plist; sourceTree = "<group>"; };
		1BF86B05239FDE2700FE9D42 /* HomeView.swift */ = {isa = PBXFileReference; lastKnownFileType = sourcecode.swift; path = HomeView.swift; sourceTree = "<group>"; };
		1BF86B07239FE88200FE9D42 /* PostRow.swift */ = {isa = PBXFileReference; lastKnownFileType = sourcecode.swift; path = PostRow.swift; sourceTree = "<group>"; };
		1BF86B09239FECA600FE9D42 /* HomeViewModel.swift */ = {isa = PBXFileReference; lastKnownFileType = sourcecode.swift; path = HomeViewModel.swift; sourceTree = "<group>"; };
		1BF9082B239E95C600D1B9C4 /* Configuration.swift */ = {isa = PBXFileReference; lastKnownFileType = sourcecode.swift; path = Configuration.swift; sourceTree = "<group>"; };
		1BF9082E239E9E0200D1B9C4 /* RevealedError.swift */ = {isa = PBXFileReference; lastKnownFileType = sourcecode.swift; path = RevealedError.swift; sourceTree = "<group>"; };
		4C4C83AD23A3D148007A7D1A /* AuthService.swift */ = {isa = PBXFileReference; lastKnownFileType = sourcecode.swift; path = AuthService.swift; sourceTree = "<group>"; };
		5ABB46C523A12B1D00216BD8 /* GraphQL.generated.swift */ = {isa = PBXFileReference; fileEncoding = 4; lastKnownFileType = sourcecode.swift; path = GraphQL.generated.swift; sourceTree = "<group>"; };
		F69D944B23954E5000EEEE2E /* SimpleKeychain.framework */ = {isa = PBXFileReference; lastKnownFileType = wrapper.framework; name = SimpleKeychain.framework; path = Carthage/Build/iOS/SimpleKeychain.framework; sourceTree = "<group>"; };
		F69D944C23954E5000EEEE2E /* Auth0.framework */ = {isa = PBXFileReference; lastKnownFileType = wrapper.framework; name = Auth0.framework; path = Carthage/Build/iOS/Auth0.framework; sourceTree = "<group>"; };
/* End PBXFileReference section */

/* Begin PBXFrameworksBuildPhase section */
		1B6446A2238EA01200422926 /* Frameworks */ = {
			isa = PBXFrameworksBuildPhase;
			buildActionMask = 2147483647;
			files = (
				1BC61C8423926D1E006A83D7 /* Apollo.framework in Frameworks */,
				F69D944D23954E5000EEEE2E /* SimpleKeychain.framework in Frameworks */,
				F69D944E23954E5000EEEE2E /* Auth0.framework in Frameworks */,
			);
			runOnlyForDeploymentPostprocessing = 0;
		};
		1B6446B8238EA01200422926 /* Frameworks */ = {
			isa = PBXFrameworksBuildPhase;
			buildActionMask = 2147483647;
			files = (
				1B9CCB6023A2986C00A45A55 /* Apollo.framework in Frameworks */,
				1B3D072323A29DB00041D479 /* OHHTTPStubs.framework in Frameworks */,
			);
			runOnlyForDeploymentPostprocessing = 0;
		};
/* End PBXFrameworksBuildPhase section */

/* Begin PBXGroup section */
		1B3097F023A2937B004F1DA9 /* Configurations */ = {
			isa = PBXGroup;
			children = (
				1B3097E823A2911C004F1DA9 /* GraphQLTest.plist */,
				1B3097E623A28F7C004F1DA9 /* ConfigurationTests.swift */,
				1B3097EC23A2930A004F1DA9 /* GraphQLTestError.plist */,
			);
			path = Configurations;
			sourceTree = "<group>";
		};
		1B64469C238EA01200422926 = {
			isa = PBXGroup;
			children = (
				A00B7F72239269E2008C114B /* Resources */,
				1B6446A7238EA01200422926 /* Revealed */,
				1B6446BE238EA01200422926 /* RevealedTests */,
				1B6446A6238EA01200422926 /* Products */,
				1BC61C8223926D1E006A83D7 /* Frameworks */,
			);
			sourceTree = "<group>";
		};
		1B6446A6238EA01200422926 /* Products */ = {
			isa = PBXGroup;
			children = (
				1B6446A5238EA01200422926 /* Revealed.app */,
				1B6446BB238EA01200422926 /* RevealedTests.xctest */,
			);
			name = Products;
			sourceTree = "<group>";
		};
		1B6446A7238EA01200422926 /* Revealed */ = {
			isa = PBXGroup;
			children = (
				4C4C83AC23A3D113007A7D1A /* Auth */,
				1B9C716623A4D1810028016F /* SourceryTemplate */,
				1B6446B6238EA01200422926 /* Info.plist */,
				1B6446A8238EA01200422926 /* AppDelegate.swift */,
				1B6446AC238EA01200422926 /* ContentView.swift */,
				1B6446AA238EA01200422926 /* SceneDelegate.swift */,
				1B6446AE238EA01200422926 /* Assets.xcassets */,
				1BF86B03239FDE0600FE9D42 /* Features */,
				1B9C716023A4D0790028016F /* Generated */,
				1B8AB2E523926C0500907AF6 /* GraphQL */,
				1B6446B3238EA01200422926 /* LaunchScreen.storyboard */,
				1BC61C8D2392A990006A83D7 /* Network */,
				1B6446B0238EA01200422926 /* Preview Content */,
				1BF9082D239E9DD200D1B9C4 /* Setup */,
			);
			path = Revealed;
			sourceTree = "<group>";
		};
		1B6446B0238EA01200422926 /* Preview Content */ = {
			isa = PBXGroup;
			children = (
				1B6446B1238EA01200422926 /* Preview Assets.xcassets */,
			);
			path = "Preview Content";
			sourceTree = "<group>";
		};
		1B6446BE238EA01200422926 /* RevealedTests */ = {
			isa = PBXGroup;
			children = (
				1B738C8523A3F7A300124158 /* GraphQL */,
				1B3097F023A2937B004F1DA9 /* Configurations */,
				1B6446C1238EA01200422926 /* Info.plist */,
				1B3097EA23A291EC004F1DA9 /* XCTestCase+FatalError.swift */,
				1B3097F123A2953D004F1DA9 /* XCTestCase+Global.swift */,
			);
			path = RevealedTests;
			sourceTree = "<group>";
		};
		1B738C8523A3F7A300124158 /* GraphQL */ = {
			isa = PBXGroup;
			children = (
				1B1BB92023A914B600B6EA43 /* CreatePostMutationFailureTests.swift */,
				1B1BB91E23A913A300B6EA43 /* CreatePostMutationSuccessTests.swift */,
				1B9C716723A4D1E90028016F /* GetAllPostQueryFailureTests.swift */,
				1B738C8323A3EF9F00124158 /* GetAllPostQuerySuccessTests.swift */,
				1B738C8623A3F7B400124158 /* MockResponse.swift */,
			);
			path = GraphQL;
			sourceTree = "<group>";
		};
		1B8AB2E523926C0500907AF6 /* GraphQL */ = {
			isa = PBXGroup;
			children = (
				1B1BB91B23A9038D00B6EA43 /* CreatePost.graphql */,
				1B1BB91A23A9038D00B6EA43 /* Fragments.graphql */,
				1B1F10F023B109FC0028DB3E /* GetAllConfigs.graphql */,
				1B8AB2E623926C0500907AF6 /* GetAllPosts.graphql */,
				1B8AB2E723926C0500907AF6 /* schema.json */,
				5ABB46C523A12B1D00216BD8 /* GraphQL.generated.swift */,
			);
			path = GraphQL;
			sourceTree = "<group>";
		};
		1B9C716023A4D0790028016F /* Generated */ = {
			isa = PBXGroup;
			children = (
				1B9C716123A4D0790028016F /* GraphQLAutoEquatable.generated.swift */,
			);
			path = Generated;
			sourceTree = "<group>";
		};
		1BB1E16C23B1E91200833BC8 /* CreatePost */ = {
			isa = PBXGroup;
			children = (
				1BB1E16D23B1E91F00833BC8 /* CreatePostView.swift */,
				1BB1E16F23B1E92900833BC8 /* CreatePostViewModel.swift */,
			);
			path = CreatePost;
			sourceTree = "<group>";
		};
		1BC61C8223926D1E006A83D7 /* Frameworks */ = {
			isa = PBXGroup;
			children = (
				1B3D072223A29DB00041D479 /* OHHTTPStubs.framework */,
				F69D944C23954E5000EEEE2E /* Auth0.framework */,
				F69D944B23954E5000EEEE2E /* SimpleKeychain.framework */,
				1BC61C8323926D1E006A83D7 /* Apollo.framework */,
			);
			name = Frameworks;
			sourceTree = "<group>";
		};
		1BC61C8D2392A990006A83D7 /* Network */ = {
			isa = PBXGroup;
			children = (
				1BC61C8B2392A50B006A83D7 /* ApolloNetwork.swift */,
				1BC61C902392ACF6006A83D7 /* ApolloClient+Future.swift */,
				1B045F90239555F700EE3333 /* ApolloError.swift */,
			);
			path = Network;
			sourceTree = "<group>";
		};
		1BF86B03239FDE0600FE9D42 /* Features */ = {
			isa = PBXGroup;
			children = (
				1BB1E16C23B1E91200833BC8 /* CreatePost */,
				1BF86B04239FDE1500FE9D42 /* Home */,
			);
			path = Features;
			sourceTree = "<group>";
		};
		1BF86B04239FDE1500FE9D42 /* Home */ = {
			isa = PBXGroup;
			children = (
				1BF86B05239FDE2700FE9D42 /* HomeView.swift */,
				1BF86B07239FE88200FE9D42 /* PostRow.swift */,
				1BF86B09239FECA600FE9D42 /* HomeViewModel.swift */,
			);
			path = Home;
			sourceTree = "<group>";
		};
		1BF90826239E93E100D1B9C4 /* GraphQL */ = {
			isa = PBXGroup;
			children = (
				1BF86AFF239EA23600FE9D42 /* GraphQL.plist */,
			);
			path = GraphQL;
			sourceTree = "<group>";
		};
		1BF9082D239E9DD200D1B9C4 /* Setup */ = {
			isa = PBXGroup;
			children = (
				1B6446BE238EA01200422926 /* RevealedTests */,
				1BF9082B239E95C600D1B9C4 /* Configuration.swift */,
				1BF9082E239E9E0200D1B9C4 /* RevealedError.swift */,
			);
			path = Setup;
			sourceTree = "<group>";
		};
		4C4C83AC23A3D113007A7D1A /* Auth */ = {
			isa = PBXGroup;
			children = (
				4C4C83AD23A3D148007A7D1A /* AuthService.swift */,
			);
			path = Auth;
			sourceTree = "<group>";
		};
		A00B7F72239269E2008C114B /* Resources */ = {
			isa = PBXGroup;
			children = (
				A00B7F73239269F6008C114B /* Configurations */,
			);
			path = Resources;
			sourceTree = "<group>";
		};
		A00B7F73239269F6008C114B /* Configurations */ = {
			isa = PBXGroup;
			children = (
				1BF90826239E93E100D1B9C4 /* GraphQL */,
				A00B7F7423926A01008C114B /* Auth0 */,
			);
			path = Configurations;
			sourceTree = "<group>";
		};
		A00B7F7423926A01008C114B /* Auth0 */ = {
			isa = PBXGroup;
			children = (
				1BC61C942393D946006A83D7 /* Auth0.plist */,
			);
			path = Auth0;
			sourceTree = "<group>";
		};
/* End PBXGroup section */

/* Begin PBXNativeTarget section */
		1B6446A4238EA01200422926 /* Revealed */ = {
			isa = PBXNativeTarget;
			buildConfigurationList = 1B6446CF238EA01200422926 /* Build configuration list for PBXNativeTarget "Revealed" */;
			buildPhases = (
				1B045F922395582A00EE3333 /* Autocorrect lint issues & Lint */,
				1B6446A1238EA01200422926 /* Sources */,
				1B6446A2238EA01200422926 /* Frameworks */,
				1B6446A3238EA01200422926 /* Resources */,
				1BC61C8A23927500006A83D7 /* Carthage */,
			);
			buildRules = (
			);
			dependencies = (
			);
			name = Revealed;
			productName = Revealed;
			productReference = 1B6446A5238EA01200422926 /* Revealed.app */;
			productType = "com.apple.product-type.application";
		};
		1B6446BA238EA01200422926 /* RevealedTests */ = {
			isa = PBXNativeTarget;
			buildConfigurationList = 1B6446D2238EA01200422926 /* Build configuration list for PBXNativeTarget "RevealedTests" */;
			buildPhases = (
				1B6446B7238EA01200422926 /* Sources */,
				1B6446B8238EA01200422926 /* Frameworks */,
				1B6446B9238EA01200422926 /* Resources */,
			);
			buildRules = (
			);
			dependencies = (
				1B6446BD238EA01200422926 /* PBXTargetDependency */,
			);
			name = RevealedTests;
			productName = RevealedTests;
			productReference = 1B6446BB238EA01200422926 /* RevealedTests.xctest */;
			productType = "com.apple.product-type.bundle.unit-test";
		};
/* End PBXNativeTarget section */

/* Begin PBXProject section */
		1B64469D238EA01200422926 /* Project object */ = {
			isa = PBXProject;
			attributes = {
				LastSwiftUpdateCheck = 1120;
				LastUpgradeCheck = 1120;
				ORGANIZATIONNAME = Pointwelve;
				TargetAttributes = {
					1B6446A4238EA01200422926 = {
						CreatedOnToolsVersion = 11.2.1;
					};
					1B6446BA238EA01200422926 = {
						CreatedOnToolsVersion = 11.2.1;
						TestTargetID = 1B6446A4238EA01200422926;
					};
				};
			};
			buildConfigurationList = 1B6446A0238EA01200422926 /* Build configuration list for PBXProject "Revealed" */;
			compatibilityVersion = "Xcode 9.3";
			developmentRegion = en;
			hasScannedForEncodings = 0;
			knownRegions = (
				en,
				Base,
			);
			mainGroup = 1B64469C238EA01200422926;
			productRefGroup = 1B6446A6238EA01200422926 /* Products */;
			projectDirPath = "";
			projectRoot = "";
			targets = (
				1B6446A4238EA01200422926 /* Revealed */,
				1B6446BA238EA01200422926 /* RevealedTests */,
			);
		};
/* End PBXProject section */

/* Begin PBXResourcesBuildPhase section */
		1B6446A3238EA01200422926 /* Resources */ = {
			isa = PBXResourcesBuildPhase;
			buildActionMask = 2147483647;
			files = (
				1BF86B00239EA23600FE9D42 /* GraphQL.plist in Resources */,
				1B6446B5238EA01200422926 /* LaunchScreen.storyboard in Resources */,
				1B6446B2238EA01200422926 /* Preview Assets.xcassets in Resources */,
				1B6446AF238EA01200422926 /* Assets.xcassets in Resources */,
				1BC61C952393D946006A83D7 /* Auth0.plist in Resources */,
			);
			runOnlyForDeploymentPostprocessing = 0;
		};
		1B6446B9238EA01200422926 /* Resources */ = {
			isa = PBXResourcesBuildPhase;
			buildActionMask = 2147483647;
			files = (
				1B3097E923A2911C004F1DA9 /* GraphQLTest.plist in Resources */,
				1B3097ED23A2930A004F1DA9 /* GraphQLTestError.plist in Resources */,
			);
			runOnlyForDeploymentPostprocessing = 0;
		};
/* End PBXResourcesBuildPhase section */

/* Begin PBXShellScriptBuildPhase section */
		1B045F922395582A00EE3333 /* Autocorrect lint issues & Lint */ = {
			isa = PBXShellScriptBuildPhase;
			buildActionMask = 2147483647;
			files = (
			);
			inputFileListPaths = (
			);
			inputPaths = (
			);
			name = "Autocorrect lint issues & Lint";
			outputFileListPaths = (
			);
			outputPaths = (
			);
			runOnlyForDeploymentPostprocessing = 0;
			shellPath = /bin/sh;
			shellScript = "if which swiftlint >/dev/null; then\n  which swiftlint autocorrect\n  which swiftlint\nelse\n  echo \"error: SwiftLint not installed, do sh setup.sh to install SwiftLint.\"\n  exit 1\nfi\n";
		};
		1BC61C8A23927500006A83D7 /* Carthage */ = {
			isa = PBXShellScriptBuildPhase;
			buildActionMask = 2147483647;
			files = (
			);
			inputFileListPaths = (
			);
			inputPaths = (
				"$(SRCROOT)/Carthage/Build/iOS/Apollo.framework",
				"$(SRCROOT)/Carthage/Build/iOS/SimpleKeychain.framework",
				"$(SRCROOT)/Carthage/Build/iOS/Auth0.framework",
			);
			name = Carthage;
			outputFileListPaths = (
			);
			outputPaths = (
				"$(BUILT_PRODUCTS_DIR)/$(FRAMEWORKS_FOLDER_PATH)/Apollo.framework\n",
				"$(BUILT_PRODUCTS_DIR)/$(FRAMEWORKS_FOLDER_PATH)/SimpleKeychain.framework",
				"$(BUILT_PRODUCTS_DIR)/$(FRAMEWORKS_FOLDER_PATH)/Auth0.framework",
			);
			runOnlyForDeploymentPostprocessing = 0;
			shellPath = /bin/sh;
			shellScript = "# Type a script or drag a script file from your workspace to insert its path.\n/usr/local/bin/carthage copy-frameworks\n";
		};
/* End PBXShellScriptBuildPhase section */

/* Begin PBXSourcesBuildPhase section */
		1B6446A1238EA01200422926 /* Sources */ = {
			isa = PBXSourcesBuildPhase;
			buildActionMask = 2147483647;
			files = (
				1B6446A9238EA01200422926 /* AppDelegate.swift in Sources */,
				1B6446AB238EA01200422926 /* SceneDelegate.swift in Sources */,
				1B045F91239555F700EE3333 /* ApolloError.swift in Sources */,
				1BF86B06239FDE2700FE9D42 /* HomeView.swift in Sources */,
				5ABB46C623A12B1D00216BD8 /* GraphQL.generated.swift in Sources */,
				1BB1E16E23B1E91F00833BC8 /* CreatePostView.swift in Sources */,
				1BF9082F239E9E0200D1B9C4 /* RevealedError.swift in Sources */,
				4C4C83AE23A3D148007A7D1A /* AuthService.swift in Sources */,
				1BF86B08239FE88200FE9D42 /* PostRow.swift in Sources */,
				1B9C716223A4D0790028016F /* GraphQLAutoEquatable.generated.swift in Sources */,
				1BB1E17023B1E92900833BC8 /* CreatePostViewModel.swift in Sources */,
				1BF86B0A239FECA600FE9D42 /* HomeViewModel.swift in Sources */,
				1BC61C912392ACF6006A83D7 /* ApolloClient+Future.swift in Sources */,
				1B6446AD238EA01200422926 /* ContentView.swift in Sources */,
				1BF9082C239E95C600D1B9C4 /* Configuration.swift in Sources */,
				1BC61C8C2392A50B006A83D7 /* ApolloNetwork.swift in Sources */,
			);
			runOnlyForDeploymentPostprocessing = 0;
		};
		1B6446B7238EA01200422926 /* Sources */ = {
			isa = PBXSourcesBuildPhase;
			buildActionMask = 2147483647;
			files = (
				1B738C8723A3F7B400124158 /* MockResponse.swift in Sources */,
				1B738C8423A3EF9F00124158 /* GetAllPostQuerySuccessTests.swift in Sources */,
				1B3097E723A28F7C004F1DA9 /* ConfigurationTests.swift in Sources */,
				1B3097F223A2953D004F1DA9 /* XCTestCase+Global.swift in Sources */,
				1B3097EB23A291EC004F1DA9 /* XCTestCase+FatalError.swift in Sources */,
				1B1BB92123A914B600B6EA43 /* CreatePostMutationFailureTests.swift in Sources */,
				1B1BB91F23A913A300B6EA43 /* CreatePostMutationSuccessTests.swift in Sources */,
				1B9C716823A4D1E90028016F /* GetAllPostQueryFailureTests.swift in Sources */,
			);
			runOnlyForDeploymentPostprocessing = 0;
		};
/* End PBXSourcesBuildPhase section */

/* Begin PBXTargetDependency section */
		1B6446BD238EA01200422926 /* PBXTargetDependency */ = {
			isa = PBXTargetDependency;
			target = 1B6446A4238EA01200422926 /* Revealed */;
			targetProxy = 1B6446BC238EA01200422926 /* PBXContainerItemProxy */;
		};
/* End PBXTargetDependency section */

/* Begin PBXVariantGroup section */
		1B6446B3238EA01200422926 /* LaunchScreen.storyboard */ = {
			isa = PBXVariantGroup;
			children = (
				1B6446B4238EA01200422926 /* Base */,
			);
			name = LaunchScreen.storyboard;
			sourceTree = "<group>";
		};
/* End PBXVariantGroup section */

/* Begin XCBuildConfiguration section */
		1B6446CD238EA01200422926 /* Debug */ = {
			isa = XCBuildConfiguration;
			buildSettings = {
				ALWAYS_SEARCH_USER_PATHS = NO;
				CLANG_ANALYZER_NONNULL = YES;
				CLANG_ANALYZER_NUMBER_OBJECT_CONVERSION = YES_AGGRESSIVE;
				CLANG_CXX_LANGUAGE_STANDARD = "gnu++14";
				CLANG_CXX_LIBRARY = "libc++";
				CLANG_ENABLE_MODULES = YES;
				CLANG_ENABLE_OBJC_ARC = YES;
				CLANG_ENABLE_OBJC_WEAK = YES;
				CLANG_WARN_BLOCK_CAPTURE_AUTORELEASING = YES;
				CLANG_WARN_BOOL_CONVERSION = YES;
				CLANG_WARN_COMMA = YES;
				CLANG_WARN_CONSTANT_CONVERSION = YES;
				CLANG_WARN_DEPRECATED_OBJC_IMPLEMENTATIONS = YES;
				CLANG_WARN_DIRECT_OBJC_ISA_USAGE = YES_ERROR;
				CLANG_WARN_DOCUMENTATION_COMMENTS = YES;
				CLANG_WARN_EMPTY_BODY = YES;
				CLANG_WARN_ENUM_CONVERSION = YES;
				CLANG_WARN_INFINITE_RECURSION = YES;
				CLANG_WARN_INT_CONVERSION = YES;
				CLANG_WARN_NON_LITERAL_NULL_CONVERSION = YES;
				CLANG_WARN_OBJC_IMPLICIT_RETAIN_SELF = YES;
				CLANG_WARN_OBJC_LITERAL_CONVERSION = YES;
				CLANG_WARN_OBJC_ROOT_CLASS = YES_ERROR;
				CLANG_WARN_RANGE_LOOP_ANALYSIS = YES;
				CLANG_WARN_STRICT_PROTOTYPES = YES;
				CLANG_WARN_SUSPICIOUS_MOVE = YES;
				CLANG_WARN_UNGUARDED_AVAILABILITY = YES_AGGRESSIVE;
				CLANG_WARN_UNREACHABLE_CODE = YES;
				CLANG_WARN__DUPLICATE_METHOD_MATCH = YES;
				COPY_PHASE_STRIP = NO;
				DEBUG_INFORMATION_FORMAT = dwarf;
				ENABLE_STRICT_OBJC_MSGSEND = YES;
				ENABLE_TESTABILITY = YES;
				GCC_C_LANGUAGE_STANDARD = gnu11;
				GCC_DYNAMIC_NO_PIC = NO;
				GCC_NO_COMMON_BLOCKS = YES;
				GCC_OPTIMIZATION_LEVEL = 0;
				GCC_PREPROCESSOR_DEFINITIONS = (
					"DEBUG=1",
					"$(inherited)",
				);
				GCC_WARN_64_TO_32_BIT_CONVERSION = YES;
				GCC_WARN_ABOUT_RETURN_TYPE = YES_ERROR;
				GCC_WARN_UNDECLARED_SELECTOR = YES;
				GCC_WARN_UNINITIALIZED_AUTOS = YES_AGGRESSIVE;
				GCC_WARN_UNUSED_FUNCTION = YES;
				GCC_WARN_UNUSED_VARIABLE = YES;
				IPHONEOS_DEPLOYMENT_TARGET = 13.2;
				MTL_ENABLE_DEBUG_INFO = INCLUDE_SOURCE;
				MTL_FAST_MATH = YES;
				ONLY_ACTIVE_ARCH = YES;
				SDKROOT = iphoneos;
				SWIFT_ACTIVE_COMPILATION_CONDITIONS = DEBUG;
				SWIFT_OPTIMIZATION_LEVEL = "-Onone";
			};
			name = Debug;
		};
		1B6446CE238EA01200422926 /* Release */ = {
			isa = XCBuildConfiguration;
			buildSettings = {
				ALWAYS_SEARCH_USER_PATHS = NO;
				CLANG_ANALYZER_NONNULL = YES;
				CLANG_ANALYZER_NUMBER_OBJECT_CONVERSION = YES_AGGRESSIVE;
				CLANG_CXX_LANGUAGE_STANDARD = "gnu++14";
				CLANG_CXX_LIBRARY = "libc++";
				CLANG_ENABLE_MODULES = YES;
				CLANG_ENABLE_OBJC_ARC = YES;
				CLANG_ENABLE_OBJC_WEAK = YES;
				CLANG_WARN_BLOCK_CAPTURE_AUTORELEASING = YES;
				CLANG_WARN_BOOL_CONVERSION = YES;
				CLANG_WARN_COMMA = YES;
				CLANG_WARN_CONSTANT_CONVERSION = YES;
				CLANG_WARN_DEPRECATED_OBJC_IMPLEMENTATIONS = YES;
				CLANG_WARN_DIRECT_OBJC_ISA_USAGE = YES_ERROR;
				CLANG_WARN_DOCUMENTATION_COMMENTS = YES;
				CLANG_WARN_EMPTY_BODY = YES;
				CLANG_WARN_ENUM_CONVERSION = YES;
				CLANG_WARN_INFINITE_RECURSION = YES;
				CLANG_WARN_INT_CONVERSION = YES;
				CLANG_WARN_NON_LITERAL_NULL_CONVERSION = YES;
				CLANG_WARN_OBJC_IMPLICIT_RETAIN_SELF = YES;
				CLANG_WARN_OBJC_LITERAL_CONVERSION = YES;
				CLANG_WARN_OBJC_ROOT_CLASS = YES_ERROR;
				CLANG_WARN_RANGE_LOOP_ANALYSIS = YES;
				CLANG_WARN_STRICT_PROTOTYPES = YES;
				CLANG_WARN_SUSPICIOUS_MOVE = YES;
				CLANG_WARN_UNGUARDED_AVAILABILITY = YES_AGGRESSIVE;
				CLANG_WARN_UNREACHABLE_CODE = YES;
				CLANG_WARN__DUPLICATE_METHOD_MATCH = YES;
				COPY_PHASE_STRIP = NO;
				DEBUG_INFORMATION_FORMAT = "dwarf-with-dsym";
				ENABLE_NS_ASSERTIONS = NO;
				ENABLE_STRICT_OBJC_MSGSEND = YES;
				GCC_C_LANGUAGE_STANDARD = gnu11;
				GCC_NO_COMMON_BLOCKS = YES;
				GCC_WARN_64_TO_32_BIT_CONVERSION = YES;
				GCC_WARN_ABOUT_RETURN_TYPE = YES_ERROR;
				GCC_WARN_UNDECLARED_SELECTOR = YES;
				GCC_WARN_UNINITIALIZED_AUTOS = YES_AGGRESSIVE;
				GCC_WARN_UNUSED_FUNCTION = YES;
				GCC_WARN_UNUSED_VARIABLE = YES;
				IPHONEOS_DEPLOYMENT_TARGET = 13.2;
				MTL_ENABLE_DEBUG_INFO = NO;
				MTL_FAST_MATH = YES;
				SDKROOT = iphoneos;
				SWIFT_COMPILATION_MODE = wholemodule;
				SWIFT_OPTIMIZATION_LEVEL = "-O";
				VALIDATE_PRODUCT = YES;
			};
			name = Release;
		};
		1B6446D0238EA01200422926 /* Debug */ = {
			isa = XCBuildConfiguration;
			buildSettings = {
				ASSETCATALOG_COMPILER_APPICON_NAME = AppIcon;
				CODE_SIGN_IDENTITY = "iPhone Developer";
				CODE_SIGN_STYLE = Manual;
				DEVELOPMENT_ASSET_PATHS = "\"Revealed/Preview Content\"";
				DEVELOPMENT_TEAM = Z2Q7ZE2E5A;
				ENABLE_PREVIEWS = YES;
				FRAMEWORK_SEARCH_PATHS = (
					"$(inherited)",
					"$(PROJECT_DIR)/Carthage/Build/iOS",
				);
				INFOPLIST_FILE = Revealed/Info.plist;
				LD_RUNPATH_SEARCH_PATHS = (
					"$(inherited)",
					"@executable_path/Frameworks",
				);
				PRODUCT_BUNDLE_IDENTIFIER = com.pointwelve.app.revealed;
				PRODUCT_NAME = "$(TARGET_NAME)";
				PROVISIONING_PROFILE_SPECIFIER = "match Development com.pointwelve.app.revealed";
				SWIFT_VERSION = 5.0;
				TARGETED_DEVICE_FAMILY = "1,2";
			};
			name = Debug;
		};
		1B6446D1238EA01200422926 /* Release */ = {
			isa = XCBuildConfiguration;
			buildSettings = {
				ASSETCATALOG_COMPILER_APPICON_NAME = AppIcon;
				CODE_SIGN_IDENTITY = "iPhone Developer";
				CODE_SIGN_STYLE = Manual;
				DEVELOPMENT_ASSET_PATHS = "\"Revealed/Preview Content\"";
				DEVELOPMENT_TEAM = Z2Q7ZE2E5A;
				ENABLE_PREVIEWS = YES;
				FRAMEWORK_SEARCH_PATHS = (
					"$(inherited)",
					"$(PROJECT_DIR)/Carthage/Build/iOS",
				);
				INFOPLIST_FILE = Revealed/Info.plist;
				LD_RUNPATH_SEARCH_PATHS = (
					"$(inherited)",
					"@executable_path/Frameworks",
				);
				PRODUCT_BUNDLE_IDENTIFIER = com.pointwelve.app.revealed;
				PRODUCT_NAME = "$(TARGET_NAME)";
				PROVISIONING_PROFILE_SPECIFIER = "match Development com.pointwelve.app.revealed";
				SWIFT_VERSION = 5.0;
				TARGETED_DEVICE_FAMILY = "1,2";
			};
			name = Release;
		};
		1B6446D3238EA01200422926 /* Debug */ = {
			isa = XCBuildConfiguration;
			buildSettings = {
				ALWAYS_EMBED_SWIFT_STANDARD_LIBRARIES = YES;
				BUNDLE_LOADER = "$(TEST_HOST)";
				CODE_SIGN_STYLE = Automatic;
				FRAMEWORK_SEARCH_PATHS = (
					"$(inherited)",
					"$(PROJECT_DIR)/Carthage/Build/iOS",
				);
				INFOPLIST_FILE = RevealedTests/Info.plist;
				IPHONEOS_DEPLOYMENT_TARGET = 13.2;
				LD_RUNPATH_SEARCH_PATHS = (
					"$(inherited)",
					"@executable_path/Frameworks",
					"@loader_path/Frameworks",
					"$(PROJECT_DIR)/Carthage/Build/iOS",
				);
				PRODUCT_BUNDLE_IDENTIFIER = com.pointwelve.RevealedTests;
				PRODUCT_NAME = "$(TARGET_NAME)";
				SWIFT_VERSION = 5.0;
				TARGETED_DEVICE_FAMILY = "1,2";
				TEST_HOST = "$(BUILT_PRODUCTS_DIR)/Revealed.app/Revealed";
			};
			name = Debug;
		};
		1B6446D4238EA01200422926 /* Release */ = {
			isa = XCBuildConfiguration;
			buildSettings = {
				ALWAYS_EMBED_SWIFT_STANDARD_LIBRARIES = YES;
				BUNDLE_LOADER = "$(TEST_HOST)";
				CODE_SIGN_STYLE = Automatic;
				FRAMEWORK_SEARCH_PATHS = (
					"$(inherited)",
					"$(PROJECT_DIR)/Carthage/Build/iOS",
				);
				INFOPLIST_FILE = RevealedTests/Info.plist;
				IPHONEOS_DEPLOYMENT_TARGET = 13.2;
				LD_RUNPATH_SEARCH_PATHS = (
					"$(inherited)",
					"@executable_path/Frameworks",
					"@loader_path/Frameworks",
					"$(PROJECT_DIR)/Carthage/Build/iOS",
				);
				PRODUCT_BUNDLE_IDENTIFIER = com.pointwelve.RevealedTests;
				PRODUCT_NAME = "$(TARGET_NAME)";
				SWIFT_VERSION = 5.0;
				TARGETED_DEVICE_FAMILY = "1,2";
				TEST_HOST = "$(BUILT_PRODUCTS_DIR)/Revealed.app/Revealed";
			};
			name = Release;
		};
/* End XCBuildConfiguration section */

/* Begin XCConfigurationList section */
		1B6446A0238EA01200422926 /* Build configuration list for PBXProject "Revealed" */ = {
			isa = XCConfigurationList;
			buildConfigurations = (
				1B6446CD238EA01200422926 /* Debug */,
				1B6446CE238EA01200422926 /* Release */,
			);
			defaultConfigurationIsVisible = 0;
			defaultConfigurationName = Release;
		};
		1B6446CF238EA01200422926 /* Build configuration list for PBXNativeTarget "Revealed" */ = {
			isa = XCConfigurationList;
			buildConfigurations = (
				1B6446D0238EA01200422926 /* Debug */,
				1B6446D1238EA01200422926 /* Release */,
			);
			defaultConfigurationIsVisible = 0;
			defaultConfigurationName = Release;
		};
		1B6446D2238EA01200422926 /* Build configuration list for PBXNativeTarget "RevealedTests" */ = {
			isa = XCConfigurationList;
			buildConfigurations = (
				1B6446D3238EA01200422926 /* Debug */,
				1B6446D4238EA01200422926 /* Release */,
			);
			defaultConfigurationIsVisible = 0;
			defaultConfigurationName = Release;
		};
/* End XCConfigurationList section */
	};
	rootObject = 1B64469D238EA01200422926 /* Project object */;
}
